
Microsoft Visual Studio Solution File, Format Version 12.00
# Visual Studio 15
VisualStudioVersion = 15.0.27130.2010
MinimumVisualStudioVersion = 10.0.40219.1
Project("{FAE04EC0-301F-11D3-BF4B-00C04F79EFBC}") = "Inquisition", "Inquisition\Inquisition.csproj", "{95F7FBE8-D5B1-438B-9951-0E4A5DE58D7C}"
EndProject
Global
	GlobalSection(SolutionConfigurationPlatforms) = preSolution
		Debug|Any CPU = Debug|Any CPU
		Release|Any CPU = Release|Any CPU
	EndGlobalSection
	GlobalSection(ProjectConfigurationPlatforms) = postSolution
		{95F7FBE8-D5B1-438B-9951-0E4A5DE58D7C}.Debug|Any CPU.ActiveCfg = Debug|Any CPU
		{95F7FBE8-D5B1-438B-9951-0E4A5DE58D7C}.Debug|Any CPU.Build.0 = Debug|Any CPU
		{95F7FBE8-D5B1-438B-9951-0E4A5DE58D7C}.Release|Any CPU.ActiveCfg = Release|Any CPU
		{95F7FBE8-D5B1-438B-9951-0E4A5DE58D7C}.Release|Any CPU.Build.0 = Release|Any CPU
	EndGlobalSection
	GlobalSection(SolutionProperties) = preSolution
		HideSolutionNode = FALSE
	EndGlobalSection
	GlobalSection(ExtensibilityGlobals) = postSolution
		SolutionGuid = {B415AB1A-387C-4026-A0B3-6F83B613E985}
	EndGlobalSection
EndGlobal
