
Microsoft Visual Studio Solution File, Format Version 12.00
# Visual Studio 15
VisualStudioVersion = 15.0.27130.2024
MinimumVisualStudioVersion = 10.0.40219.1
Project("{9A19103F-16F7-4668-BE54-9A1E7A4F7556}") = "Inquisition.Core", "Inquisition.Core\Inquisition.Core.csproj", "{4F10A2B6-F0BB-497E-B2BA-46C4C3B8FCFE}"
EndProject
Project("{9A19103F-16F7-4668-BE54-9A1E7A4F7556}") = "Inquisition.Database", "Inquisition.Database\Inquisition.Database.csproj", "{5CA1A2F2-3E45-427C-AC93-1CF9E5E963C9}"
EndProject
Project("{9A19103F-16F7-4668-BE54-9A1E7A4F7556}") = "Inquisition.Data", "Inquisition.Data\Inquisition.Data.csproj", "{84E8204F-3B62-4C2D-84AE-514CDEECA928}"
EndProject
Global
	GlobalSection(SolutionConfigurationPlatforms) = preSolution
		Debug|Any CPU = Debug|Any CPU
		Debug|x64 = Debug|x64
		Release|Any CPU = Release|Any CPU
		Release|x64 = Release|x64
	EndGlobalSection
	GlobalSection(ProjectConfigurationPlatforms) = postSolution
		{4F10A2B6-F0BB-497E-B2BA-46C4C3B8FCFE}.Debug|Any CPU.ActiveCfg = Debug|Any CPU
		{4F10A2B6-F0BB-497E-B2BA-46C4C3B8FCFE}.Debug|Any CPU.Build.0 = Debug|Any CPU
		{4F10A2B6-F0BB-497E-B2BA-46C4C3B8FCFE}.Debug|x64.ActiveCfg = Debug|x64
		{4F10A2B6-F0BB-497E-B2BA-46C4C3B8FCFE}.Debug|x64.Build.0 = Debug|x64
		{4F10A2B6-F0BB-497E-B2BA-46C4C3B8FCFE}.Release|Any CPU.ActiveCfg = Release|Any CPU
		{4F10A2B6-F0BB-497E-B2BA-46C4C3B8FCFE}.Release|Any CPU.Build.0 = Release|Any CPU
		{4F10A2B6-F0BB-497E-B2BA-46C4C3B8FCFE}.Release|x64.ActiveCfg = Release|x64
		{4F10A2B6-F0BB-497E-B2BA-46C4C3B8FCFE}.Release|x64.Build.0 = Release|x64
		{5CA1A2F2-3E45-427C-AC93-1CF9E5E963C9}.Debug|Any CPU.ActiveCfg = Debug|Any CPU
		{5CA1A2F2-3E45-427C-AC93-1CF9E5E963C9}.Debug|Any CPU.Build.0 = Debug|Any CPU
		{5CA1A2F2-3E45-427C-AC93-1CF9E5E963C9}.Debug|x64.ActiveCfg = Debug|x64
		{5CA1A2F2-3E45-427C-AC93-1CF9E5E963C9}.Debug|x64.Build.0 = Debug|x64
		{5CA1A2F2-3E45-427C-AC93-1CF9E5E963C9}.Release|Any CPU.ActiveCfg = Release|Any CPU
		{5CA1A2F2-3E45-427C-AC93-1CF9E5E963C9}.Release|Any CPU.Build.0 = Release|Any CPU
		{5CA1A2F2-3E45-427C-AC93-1CF9E5E963C9}.Release|x64.ActiveCfg = Release|x64
		{5CA1A2F2-3E45-427C-AC93-1CF9E5E963C9}.Release|x64.Build.0 = Release|x64
		{84E8204F-3B62-4C2D-84AE-514CDEECA928}.Debug|Any CPU.ActiveCfg = Debug|Any CPU
		{84E8204F-3B62-4C2D-84AE-514CDEECA928}.Debug|Any CPU.Build.0 = Debug|Any CPU
		{84E8204F-3B62-4C2D-84AE-514CDEECA928}.Debug|x64.ActiveCfg = Debug|x64
		{84E8204F-3B62-4C2D-84AE-514CDEECA928}.Debug|x64.Build.0 = Debug|x64
		{84E8204F-3B62-4C2D-84AE-514CDEECA928}.Release|Any CPU.ActiveCfg = Release|Any CPU
		{84E8204F-3B62-4C2D-84AE-514CDEECA928}.Release|Any CPU.Build.0 = Release|Any CPU
		{84E8204F-3B62-4C2D-84AE-514CDEECA928}.Release|x64.ActiveCfg = Release|x64
		{84E8204F-3B62-4C2D-84AE-514CDEECA928}.Release|x64.Build.0 = Release|x64
	EndGlobalSection
	GlobalSection(SolutionProperties) = preSolution
		HideSolutionNode = FALSE
	EndGlobalSection
	GlobalSection(ExtensibilityGlobals) = postSolution
		SolutionGuid = {B415AB1A-387C-4026-A0B3-6F83B613E985}
	EndGlobalSection
EndGlobal
