
Microsoft Visual Studio Solution File, Format Version 12.00
# Visual Studio 15
VisualStudioVersion = 15.0.27130.2026
MinimumVisualStudioVersion = 10.0.40219.1
Project("{9A19103F-16F7-4668-BE54-9A1E7A4F7556}") = "Inquisition", "Inquisition\Inquisition.csproj", "{8E2363AA-AAD7-4C40-A299-197F5E26ED6C}"
EndProject
Project("{9A19103F-16F7-4668-BE54-9A1E7A4F7556}") = "Inquisition.Tests", "Inquisition.Tests\Inquisition.Tests.csproj", "{A7654ECC-030B-4DE5-9B52-51E230FE1B88}"
EndProject
Project("{9A19103F-16F7-4668-BE54-9A1E7A4F7556}") = "Inquisition.Reporting", "Inquisition.Reporting\Inquisition.Reporting.csproj", "{3944C222-F552-49AE-9E99-4ACD2917FBBD}"
EndProject
Project("{9A19103F-16F7-4668-BE54-9A1E7A4F7556}") = "Inquisition.Database", "Inquisition.Database\Inquisition.Database.csproj", "{B9AE8E97-B1A7-4C57-BA69-3DC0348C985E}"
EndProject
Project("{9A19103F-16F7-4668-BE54-9A1E7A4F7556}") = "Inquisition.Logging", "Inquisition.Logging\Inquisition.Logging.csproj", "{01B684FB-020C-415F-AFED-025E0BE3DC3B}"
EndProject
Project("{9A19103F-16F7-4668-BE54-9A1E7A4F7556}") = "Inquisition.Services", "Inquisition.services\Inquisition.Services.csproj", "{204543CF-AD0A-46A5-A797-7530241EF310}"
EndProject
Project("{9A19103F-16F7-4668-BE54-9A1E7A4F7556}") = "Inquisition.IoC", "Inquisition.IoC\Inquisition.IoC.csproj", "{56549FF7-CC80-4BE8-A47D-C29A4FDA82BF}"
EndProject
Global
	GlobalSection(SolutionConfigurationPlatforms) = preSolution
		Debug|Any CPU = Debug|Any CPU
		Release|Any CPU = Release|Any CPU
	EndGlobalSection
	GlobalSection(ProjectConfigurationPlatforms) = postSolution
		{8E2363AA-AAD7-4C40-A299-197F5E26ED6C}.Debug|Any CPU.ActiveCfg = Debug|Any CPU
		{8E2363AA-AAD7-4C40-A299-197F5E26ED6C}.Debug|Any CPU.Build.0 = Debug|Any CPU
		{8E2363AA-AAD7-4C40-A299-197F5E26ED6C}.Release|Any CPU.ActiveCfg = Release|Any CPU
		{8E2363AA-AAD7-4C40-A299-197F5E26ED6C}.Release|Any CPU.Build.0 = Release|Any CPU
		{A7654ECC-030B-4DE5-9B52-51E230FE1B88}.Debug|Any CPU.ActiveCfg = Debug|Any CPU
		{A7654ECC-030B-4DE5-9B52-51E230FE1B88}.Release|Any CPU.ActiveCfg = Release|Any CPU
		{A7654ECC-030B-4DE5-9B52-51E230FE1B88}.Release|Any CPU.Build.0 = Release|Any CPU
		{3944C222-F552-49AE-9E99-4ACD2917FBBD}.Debug|Any CPU.ActiveCfg = Debug|Any CPU
		{3944C222-F552-49AE-9E99-4ACD2917FBBD}.Debug|Any CPU.Build.0 = Debug|Any CPU
		{3944C222-F552-49AE-9E99-4ACD2917FBBD}.Release|Any CPU.ActiveCfg = Release|Any CPU
		{3944C222-F552-49AE-9E99-4ACD2917FBBD}.Release|Any CPU.Build.0 = Release|Any CPU
		{B9AE8E97-B1A7-4C57-BA69-3DC0348C985E}.Debug|Any CPU.ActiveCfg = Debug|Any CPU
		{B9AE8E97-B1A7-4C57-BA69-3DC0348C985E}.Debug|Any CPU.Build.0 = Debug|Any CPU
		{B9AE8E97-B1A7-4C57-BA69-3DC0348C985E}.Release|Any CPU.ActiveCfg = Release|Any CPU
		{B9AE8E97-B1A7-4C57-BA69-3DC0348C985E}.Release|Any CPU.Build.0 = Release|Any CPU
		{01B684FB-020C-415F-AFED-025E0BE3DC3B}.Debug|Any CPU.ActiveCfg = Debug|Any CPU
		{01B684FB-020C-415F-AFED-025E0BE3DC3B}.Debug|Any CPU.Build.0 = Debug|Any CPU
		{01B684FB-020C-415F-AFED-025E0BE3DC3B}.Release|Any CPU.ActiveCfg = Release|Any CPU
		{01B684FB-020C-415F-AFED-025E0BE3DC3B}.Release|Any CPU.Build.0 = Release|Any CPU
		{204543CF-AD0A-46A5-A797-7530241EF310}.Debug|Any CPU.ActiveCfg = Debug|Any CPU
		{204543CF-AD0A-46A5-A797-7530241EF310}.Debug|Any CPU.Build.0 = Debug|Any CPU
		{204543CF-AD0A-46A5-A797-7530241EF310}.Release|Any CPU.ActiveCfg = Release|Any CPU
		{204543CF-AD0A-46A5-A797-7530241EF310}.Release|Any CPU.Build.0 = Release|Any CPU
		{56549FF7-CC80-4BE8-A47D-C29A4FDA82BF}.Debug|Any CPU.ActiveCfg = Debug|Any CPU
		{56549FF7-CC80-4BE8-A47D-C29A4FDA82BF}.Debug|Any CPU.Build.0 = Debug|Any CPU
		{56549FF7-CC80-4BE8-A47D-C29A4FDA82BF}.Release|Any CPU.ActiveCfg = Release|Any CPU
		{56549FF7-CC80-4BE8-A47D-C29A4FDA82BF}.Release|Any CPU.Build.0 = Release|Any CPU
	EndGlobalSection
	GlobalSection(SolutionProperties) = preSolution
		HideSolutionNode = FALSE
	EndGlobalSection
	GlobalSection(ExtensibilityGlobals) = postSolution
		SolutionGuid = {B415AB1A-387C-4026-A0B3-6F83B613E985}
	EndGlobalSection
EndGlobal
